
Microsoft Visual Studio Solution File, Format Version 12.00
# Visual Studio Version 17
VisualStudioVersion = 17.11.35222.181
MinimumVisualStudioVersion = 10.0.40219.1
Project("{2150E333-8FDC-42A3-9474-1A3956D46DE8}") = "Task0", "Task0", "{85C2EF6C-5CAA-4766-840B-7F1708D993FB}"
EndProject
Project("{9A19103F-16F7-4668-BE54-9A1E7A4F7556}") = "Tyuiu.BrovkinAA.Sprint1.Task0.V27", "Tyuiu.BrovkinAA.Sprint1.Task0.V27\Tyuiu.BrovkinAA.Sprint1.Task0.V27.csproj", "{F7541AB3-967B-4162-B848-5EAAC7A1965A}"
EndProject
Project("{9A19103F-16F7-4668-BE54-9A1E7A4F7556}") = "Tyuiu.BrovkinAA.Sprint1.Task0.V27.Lib", "Tyuiu.BrovkinAA.Sprint1.Task0.V27.Lib\Tyuiu.BrovkinAA.Sprint1.Task0.V27.Lib.csproj", "{C64C014B-2B4B-4BC4-990F-EC0DDD4EFA37}"
EndProject
Project("{9A19103F-16F7-4668-BE54-9A1E7A4F7556}") = "Tyuiu.BrovkinAA.Sprint1.Task0.V27.Test", "Tyuiu.BrovkinAA.Sprint1.Task0.V27.Test\Tyuiu.BrovkinAA.Sprint1.Task0.V27.Test.csproj", "{E3449B68-8111-4DA6-A723-FFA9B1E82802}"
EndProject
Project("{2150E333-8FDC-42A3-9474-1A3956D46DE8}") = "Task1", "Task1", "{7B6D13DE-EF46-4282-A446-08CF944E74C0}"
EndProject
Project("{9A19103F-16F7-4668-BE54-9A1E7A4F7556}") = "Tyuiu.BrovkinAA.Sprint1.Task1.V9", "Tyuiu.BrovkinAA.Sprint1.Task1.V9\Tyuiu.BrovkinAA.Sprint1.Task1.V9.csproj", "{90405FCC-C890-4555-ACA8-974207433141}"
EndProject
Project("{9A19103F-16F7-4668-BE54-9A1E7A4F7556}") = "Tyuiu.BrovkinAA.Sprint1.Task1.V9.Lib", "Tyuiu.BrovkinAA.Sprint1.Task1.V9.Lib\Tyuiu.BrovkinAA.Sprint1.Task1.V9.Lib.csproj", "{F88E9DE1-E1EE-41AE-9DB5-EF8928B821F7}"
EndProject
Project("{9A19103F-16F7-4668-BE54-9A1E7A4F7556}") = "Tyuiu.BrovkinAA.Sprint1.Task1.V9.Test", "Tyuiu.BrovkinAA.Sprint1.Task1.V9.Test\Tyuiu.BrovkinAA.Sprint1.Task1.V9.Test.csproj", "{D792654A-C996-4F44-8FA2-BA4D4DF8A0B3}"
EndProject
Project("{2150E333-8FDC-42A3-9474-1A3956D46DE8}") = "Task2", "Task2", "{7A195D4B-4EF4-4A7B-BA46-B8AE1914E2F1}"
EndProject
Project("{9A19103F-16F7-4668-BE54-9A1E7A4F7556}") = "Tyuiu.BrovkinAA.Sprint1.Task2.V20", "Tyuiu.BrovkinAA.Sprint1.Task2.V20\Tyuiu.BrovkinAA.Sprint1.Task2.V20.csproj", "{52EC8D69-8862-4148-96B8-D2A89C8AD5E7}"
EndProject
Project("{9A19103F-16F7-4668-BE54-9A1E7A4F7556}") = "Tyuiu.BrovkinAA.Sprint1.Task2.V20.Lib", "Tyuiu.BrovkinAA.Sprint1.Task2.V20.Lib\Tyuiu.BrovkinAA.Sprint1.Task2.V20.Lib.csproj", "{1D5AC00F-7B01-4FC1-8316-6169B5B9CCB7}"
EndProject
Project("{9A19103F-16F7-4668-BE54-9A1E7A4F7556}") = "Tyuiu.BrovkinAA.Sprint1.Task2.V20.Test", "Tyuiu.BrovkinAA.Sprint1.Task2.V20.Test\Tyuiu.BrovkinAA.Sprint1.Task2.V20.Test.csproj", "{AD3B93C2-EA9E-4DC7-A714-ED80B44D3100}"
EndProject
Project("{2150E333-8FDC-42A3-9474-1A3956D46DE8}") = "Task3", "Task3", "{E9E4DAC5-D97D-4CCC-BB9C-82D26A66CB12}"
EndProject
Project("{9A19103F-16F7-4668-BE54-9A1E7A4F7556}") = "Tyuiu.BrovkinAA.Sprint1.Task3.V10", "Tyuiu.BrovkinAA.Sprint1.Task3.V10\Tyuiu.BrovkinAA.Sprint1.Task3.V10.csproj", "{06BBA0C1-5EBF-4187-A00F-951E7118110A}"
EndProject
Project("{9A19103F-16F7-4668-BE54-9A1E7A4F7556}") = "Tyuiu.BrovkinAA.Sprint1.Task3.V10.Lib", "Tyuiu.BrovkinAA.Sprint1.Task3.V10.Lib\Tyuiu.BrovkinAA.Sprint1.Task3.V10.Lib.csproj", "{0FF64939-BF5E-49B7-B64A-1B7F01298EFA}"
EndProject
Project("{9A19103F-16F7-4668-BE54-9A1E7A4F7556}") = "Tyuiu.BrovkinAA.Sprint1.Task3.V10.Test", "Tyuiu.BrovkinAA.Sprint1.Task3.V10.Test\Tyuiu.BrovkinAA.Sprint1.Task3.V10.Test.csproj", "{0CB230BA-7C83-43E7-A467-AF3A56BD0382}"
EndProject
Project("{2150E333-8FDC-42A3-9474-1A3956D46DE8}") = "Task4", "Task4", "{DA6DD83A-2E85-4B5A-9B7A-A2E6C33EF557}"
EndProject
Project("{9A19103F-16F7-4668-BE54-9A1E7A4F7556}") = "Tyuiu.BrovkinAA.Sprint1.Task4.V22", "Tyuiu.BrovkinAA.Sprint1.Task4.V22\Tyuiu.BrovkinAA.Sprint1.Task4.V22.csproj", "{870CB6AA-D2A5-49BE-9166-C5BA4F156CE3}"
EndProject
Project("{9A19103F-16F7-4668-BE54-9A1E7A4F7556}") = "Tyuiu.BrovkinAA.Sprint1.Task4.V22.Lib", "Tyuiu.BrovkinAA.Sprint1.Task4.V22.Lib\Tyuiu.BrovkinAA.Sprint1.Task4.V22.Lib.csproj", "{DB884D9C-ABDD-4E2C-88A5-A4492DBA1633}"
EndProject
Project("{9A19103F-16F7-4668-BE54-9A1E7A4F7556}") = "Tyuiu.BrovkinAA.Sprint1.Task4.V22.Test", "Tyuiu.BrovkinAA.Sprint1.Task4.V22.Test\Tyuiu.BrovkinAA.Sprint1.Task4.V22.Test.csproj", "{4959E502-4EA6-4D85-9A01-EA7A250EE3EE}"
EndProject
Global
	GlobalSection(SolutionConfigurationPlatforms) = preSolution
		Debug|Any CPU = Debug|Any CPU
		Release|Any CPU = Release|Any CPU
	EndGlobalSection
	GlobalSection(ProjectConfigurationPlatforms) = postSolution
		{F7541AB3-967B-4162-B848-5EAAC7A1965A}.Debug|Any CPU.ActiveCfg = Debug|Any CPU
		{F7541AB3-967B-4162-B848-5EAAC7A1965A}.Debug|Any CPU.Build.0 = Debug|Any CPU
		{F7541AB3-967B-4162-B848-5EAAC7A1965A}.Release|Any CPU.ActiveCfg = Release|Any CPU
		{F7541AB3-967B-4162-B848-5EAAC7A1965A}.Release|Any CPU.Build.0 = Release|Any CPU
		{C64C014B-2B4B-4BC4-990F-EC0DDD4EFA37}.Debug|Any CPU.ActiveCfg = Debug|Any CPU
		{C64C014B-2B4B-4BC4-990F-EC0DDD4EFA37}.Debug|Any CPU.Build.0 = Debug|Any CPU
		{C64C014B-2B4B-4BC4-990F-EC0DDD4EFA37}.Release|Any CPU.ActiveCfg = Release|Any CPU
		{C64C014B-2B4B-4BC4-990F-EC0DDD4EFA37}.Release|Any CPU.Build.0 = Release|Any CPU
		{E3449B68-8111-4DA6-A723-FFA9B1E82802}.Debug|Any CPU.ActiveCfg = Debug|Any CPU
		{E3449B68-8111-4DA6-A723-FFA9B1E82802}.Debug|Any CPU.Build.0 = Debug|Any CPU
		{E3449B68-8111-4DA6-A723-FFA9B1E82802}.Release|Any CPU.ActiveCfg = Release|Any CPU
		{E3449B68-8111-4DA6-A723-FFA9B1E82802}.Release|Any CPU.Build.0 = Release|Any CPU
		{90405FCC-C890-4555-ACA8-974207433141}.Debug|Any CPU.ActiveCfg = Debug|Any CPU
		{90405FCC-C890-4555-ACA8-974207433141}.Debug|Any CPU.Build.0 = Debug|Any CPU
		{90405FCC-C890-4555-ACA8-974207433141}.Release|Any CPU.ActiveCfg = Release|Any CPU
		{90405FCC-C890-4555-ACA8-974207433141}.Release|Any CPU.Build.0 = Release|Any CPU
		{F88E9DE1-E1EE-41AE-9DB5-EF8928B821F7}.Debug|Any CPU.ActiveCfg = Debug|Any CPU
		{F88E9DE1-E1EE-41AE-9DB5-EF8928B821F7}.Debug|Any CPU.Build.0 = Debug|Any CPU
		{F88E9DE1-E1EE-41AE-9DB5-EF8928B821F7}.Release|Any CPU.ActiveCfg = Release|Any CPU
		{F88E9DE1-E1EE-41AE-9DB5-EF8928B821F7}.Release|Any CPU.Build.0 = Release|Any CPU
		{D792654A-C996-4F44-8FA2-BA4D4DF8A0B3}.Debug|Any CPU.ActiveCfg = Debug|Any CPU
		{D792654A-C996-4F44-8FA2-BA4D4DF8A0B3}.Debug|Any CPU.Build.0 = Debug|Any CPU
		{D792654A-C996-4F44-8FA2-BA4D4DF8A0B3}.Release|Any CPU.ActiveCfg = Release|Any CPU
		{D792654A-C996-4F44-8FA2-BA4D4DF8A0B3}.Release|Any CPU.Build.0 = Release|Any CPU
		{52EC8D69-8862-4148-96B8-D2A89C8AD5E7}.Debug|Any CPU.ActiveCfg = Debug|Any CPU
		{52EC8D69-8862-4148-96B8-D2A89C8AD5E7}.Debug|Any CPU.Build.0 = Debug|Any CPU
		{52EC8D69-8862-4148-96B8-D2A89C8AD5E7}.Release|Any CPU.ActiveCfg = Release|Any CPU
		{52EC8D69-8862-4148-96B8-D2A89C8AD5E7}.Release|Any CPU.Build.0 = Release|Any CPU
		{1D5AC00F-7B01-4FC1-8316-6169B5B9CCB7}.Debug|Any CPU.ActiveCfg = Debug|Any CPU
		{1D5AC00F-7B01-4FC1-8316-6169B5B9CCB7}.Debug|Any CPU.Build.0 = Debug|Any CPU
		{1D5AC00F-7B01-4FC1-8316-6169B5B9CCB7}.Release|Any CPU.ActiveCfg = Release|Any CPU
		{1D5AC00F-7B01-4FC1-8316-6169B5B9CCB7}.Release|Any CPU.Build.0 = Release|Any CPU
		{AD3B93C2-EA9E-4DC7-A714-ED80B44D3100}.Debug|Any CPU.ActiveCfg = Debug|Any CPU
		{AD3B93C2-EA9E-4DC7-A714-ED80B44D3100}.Debug|Any CPU.Build.0 = Debug|Any CPU
		{AD3B93C2-EA9E-4DC7-A714-ED80B44D3100}.Release|Any CPU.ActiveCfg = Release|Any CPU
		{AD3B93C2-EA9E-4DC7-A714-ED80B44D3100}.Release|Any CPU.Build.0 = Release|Any CPU
		{06BBA0C1-5EBF-4187-A00F-951E7118110A}.Debug|Any CPU.ActiveCfg = Debug|Any CPU
		{06BBA0C1-5EBF-4187-A00F-951E7118110A}.Debug|Any CPU.Build.0 = Debug|Any CPU
		{06BBA0C1-5EBF-4187-A00F-951E7118110A}.Release|Any CPU.ActiveCfg = Release|Any CPU
		{06BBA0C1-5EBF-4187-A00F-951E7118110A}.Release|Any CPU.Build.0 = Release|Any CPU
		{0FF64939-BF5E-49B7-B64A-1B7F01298EFA}.Debug|Any CPU.ActiveCfg = Debug|Any CPU
		{0FF64939-BF5E-49B7-B64A-1B7F01298EFA}.Debug|Any CPU.Build.0 = Debug|Any CPU
		{0FF64939-BF5E-49B7-B64A-1B7F01298EFA}.Release|Any CPU.ActiveCfg = Release|Any CPU
		{0FF64939-BF5E-49B7-B64A-1B7F01298EFA}.Release|Any CPU.Build.0 = Release|Any CPU
		{0CB230BA-7C83-43E7-A467-AF3A56BD0382}.Debug|Any CPU.ActiveCfg = Debug|Any CPU
		{0CB230BA-7C83-43E7-A467-AF3A56BD0382}.Debug|Any CPU.Build.0 = Debug|Any CPU
		{0CB230BA-7C83-43E7-A467-AF3A56BD0382}.Release|Any CPU.ActiveCfg = Release|Any CPU
		{0CB230BA-7C83-43E7-A467-AF3A56BD0382}.Release|Any CPU.Build.0 = Release|Any CPU
		{870CB6AA-D2A5-49BE-9166-C5BA4F156CE3}.Debug|Any CPU.ActiveCfg = Debug|Any CPU
		{870CB6AA-D2A5-49BE-9166-C5BA4F156CE3}.Debug|Any CPU.Build.0 = Debug|Any CPU
		{870CB6AA-D2A5-49BE-9166-C5BA4F156CE3}.Release|Any CPU.ActiveCfg = Release|Any CPU
		{870CB6AA-D2A5-49BE-9166-C5BA4F156CE3}.Release|Any CPU.Build.0 = Release|Any CPU
		{DB884D9C-ABDD-4E2C-88A5-A4492DBA1633}.Debug|Any CPU.ActiveCfg = Debug|Any CPU
		{DB884D9C-ABDD-4E2C-88A5-A4492DBA1633}.Debug|Any CPU.Build.0 = Debug|Any CPU
		{DB884D9C-ABDD-4E2C-88A5-A4492DBA1633}.Release|Any CPU.ActiveCfg = Release|Any CPU
		{DB884D9C-ABDD-4E2C-88A5-A4492DBA1633}.Release|Any CPU.Build.0 = Release|Any CPU
		{4959E502-4EA6-4D85-9A01-EA7A250EE3EE}.Debug|Any CPU.ActiveCfg = Debug|Any CPU
		{4959E502-4EA6-4D85-9A01-EA7A250EE3EE}.Debug|Any CPU.Build.0 = Debug|Any CPU
		{4959E502-4EA6-4D85-9A01-EA7A250EE3EE}.Release|Any CPU.ActiveCfg = Release|Any CPU
		{4959E502-4EA6-4D85-9A01-EA7A250EE3EE}.Release|Any CPU.Build.0 = Release|Any CPU
	EndGlobalSection
	GlobalSection(SolutionProperties) = preSolution
		HideSolutionNode = FALSE
	EndGlobalSection
	GlobalSection(NestedProjects) = preSolution
		{F7541AB3-967B-4162-B848-5EAAC7A1965A} = {85C2EF6C-5CAA-4766-840B-7F1708D993FB}
		{C64C014B-2B4B-4BC4-990F-EC0DDD4EFA37} = {85C2EF6C-5CAA-4766-840B-7F1708D993FB}
		{E3449B68-8111-4DA6-A723-FFA9B1E82802} = {85C2EF6C-5CAA-4766-840B-7F1708D993FB}
		{90405FCC-C890-4555-ACA8-974207433141} = {7B6D13DE-EF46-4282-A446-08CF944E74C0}
		{F88E9DE1-E1EE-41AE-9DB5-EF8928B821F7} = {7B6D13DE-EF46-4282-A446-08CF944E74C0}
		{D792654A-C996-4F44-8FA2-BA4D4DF8A0B3} = {7B6D13DE-EF46-4282-A446-08CF944E74C0}
		{52EC8D69-8862-4148-96B8-D2A89C8AD5E7} = {7A195D4B-4EF4-4A7B-BA46-B8AE1914E2F1}
		{1D5AC00F-7B01-4FC1-8316-6169B5B9CCB7} = {7A195D4B-4EF4-4A7B-BA46-B8AE1914E2F1}
		{AD3B93C2-EA9E-4DC7-A714-ED80B44D3100} = {7A195D4B-4EF4-4A7B-BA46-B8AE1914E2F1}
		{06BBA0C1-5EBF-4187-A00F-951E7118110A} = {E9E4DAC5-D97D-4CCC-BB9C-82D26A66CB12}
		{0FF64939-BF5E-49B7-B64A-1B7F01298EFA} = {E9E4DAC5-D97D-4CCC-BB9C-82D26A66CB12}
		{0CB230BA-7C83-43E7-A467-AF3A56BD0382} = {E9E4DAC5-D97D-4CCC-BB9C-82D26A66CB12}
		{870CB6AA-D2A5-49BE-9166-C5BA4F156CE3} = {DA6DD83A-2E85-4B5A-9B7A-A2E6C33EF557}
		{DB884D9C-ABDD-4E2C-88A5-A4492DBA1633} = {DA6DD83A-2E85-4B5A-9B7A-A2E6C33EF557}
		{4959E502-4EA6-4D85-9A01-EA7A250EE3EE} = {DA6DD83A-2E85-4B5A-9B7A-A2E6C33EF557}
	EndGlobalSection
	GlobalSection(ExtensibilityGlobals) = postSolution
		SolutionGuid = {A0EA7965-6E78-4200-BA43-A21CB4829FC2}
	EndGlobalSection
EndGlobal
